
Microsoft Visual Studio Solution File, Format Version 12.00
# Visual Studio 15
VisualStudioVersion = 15.0.27703.2047
MinimumVisualStudioVersion = 10.0.40219.1
Project("{FAE04EC0-301F-11D3-BF4B-00C04F79EFBC}") = "MyCoffee", "MyCoffee\MyCoffee.csproj", "{B043034E-D8C2-49EE-9295-C0CC3A3365DA}"
EndProject
Global
	GlobalSection(SolutionConfigurationPlatforms) = preSolution
		Debug|Any CPU = Debug|Any CPU
		Release|Any CPU = Release|Any CPU
	EndGlobalSection
	GlobalSection(ProjectConfigurationPlatforms) = postSolution
		{B043034E-D8C2-49EE-9295-C0CC3A3365DA}.Debug|Any CPU.ActiveCfg = Debug|Any CPU
		{B043034E-D8C2-49EE-9295-C0CC3A3365DA}.Debug|Any CPU.Build.0 = Debug|Any CPU
		{B043034E-D8C2-49EE-9295-C0CC3A3365DA}.Release|Any CPU.ActiveCfg = Release|Any CPU
		{B043034E-D8C2-49EE-9295-C0CC3A3365DA}.Release|Any CPU.Build.0 = Release|Any CPU
	EndGlobalSection
	GlobalSection(SolutionProperties) = preSolution
		HideSolutionNode = FALSE
	EndGlobalSection
	GlobalSection(ExtensibilityGlobals) = postSolution
		SolutionGuid = {A8658550-341F-4333-9CF0-78E5CFE458E7}
	EndGlobalSection
EndGlobal
